{
  "version": 4,
  "terraform_version": "1.3.6",
  "serial": 8,
  "lineage": "e12076cb-fe80-04e0-67fc-303083760cb5",
  "outputs": {
    "tenant_id": {
      "value": {
        "DEVNET_ANDY": {
          "annotation": "orchestrator:terraform",
          "description": "",
          "id": "uni/tn-DEVNET_ANDY",
          "name": "DEVNET_ANDY",
          "name_alias": ""
        },
        "DEVNET_KEVIN": {
          "annotation": "orchestrator:terraform",
          "description": "",
          "id": "uni/tn-DEVNET_KEVIN",
          "name": "DEVNET_KEVIN",
          "name_alias": ""
        },
        "DEVNET_NICKY": {
          "annotation": "orchestrator:terraform",
          "description": "",
          "id": "uni/tn-DEVNET_NICKY",
          "name": "DEVNET_NICKY",
          "name_alias": ""
        }
      },
      "type": [
        "object",
        {
          "DEVNET_ANDY": [
            "object",
            {
              "annotation": "string",
              "description": "string",
              "id": "string",
              "name": "string",
              "name_alias": "string"
            }
          ],
          "DEVNET_KEVIN": [
            "object",
            {
              "annotation": "string",
              "description": "string",
              "id": "string",
              "name": "string",
              "name_alias": "string"
            }
          ],
          "DEVNET_NICKY": [
            "object",
            {
              "annotation": "string",
              "description": "string",
              "id": "string",
              "name": "string",
              "name_alias": "string"
            }
          ]
        }
      ]
    }
  },
  "resources": [
    {
      "mode": "data",
      "type": "aci_tenant",
      "name": "ex-tenant",
      "provider": "provider[\"registry.terraform.io/ciscodevnet/aci\"]",
      "instances": [
        {
          "index_key": "DEVNET_ANDY",
          "schema_version": 0,
          "attributes": {
            "annotation": "orchestrator:terraform",
            "description": "",
            "id": "uni/tn-DEVNET_ANDY",
            "name": "DEVNET_ANDY",
            "name_alias": ""
          },
          "sensitive_attributes": []
        },
        {
          "index_key": "DEVNET_KEVIN",
          "schema_version": 0,
          "attributes": {
            "annotation": "orchestrator:terraform",
            "description": "",
            "id": "uni/tn-DEVNET_KEVIN",
            "name": "DEVNET_KEVIN",
            "name_alias": ""
          },
          "sensitive_attributes": []
        },
        {
          "index_key": "DEVNET_NICKY",
          "schema_version": 0,
          "attributes": {
            "annotation": "orchestrator:terraform",
            "description": "",
            "id": "uni/tn-DEVNET_NICKY",
            "name": "DEVNET_NICKY",
            "name_alias": ""
          },
          "sensitive_attributes": []
        }
      ]
    },
    {
      "mode": "managed",
      "type": "aci_tenant",
      "name": "devnet",
      "provider": "provider[\"registry.terraform.io/ciscodevnet/aci\"]",
      "instances": [
        {
          "index_key": "DEVNET_ANDY",
          "schema_version": 1,
          "attributes": {
            "annotation": "orchestrator:terraform",
            "description": "",
            "id": "uni/tn-DEVNET_ANDY",
            "name": "DEVNET_ANDY",
            "name_alias": "",
            "relation_fv_rs_tenant_mon_pol": "",
            "relation_fv_rs_tn_deny_rule": null
          },
          "sensitive_attributes": [],
          "private": "eyJzY2hlbWFfdmVyc2lvbiI6IjEifQ=="
        },
        {
          "index_key": "DEVNET_KEVIN",
          "schema_version": 1,
          "attributes": {
            "annotation": "orchestrator:terraform",
            "description": "",
            "id": "uni/tn-DEVNET_KEVIN",
            "name": "DEVNET_KEVIN",
            "name_alias": "",
            "relation_fv_rs_tenant_mon_pol": "",
            "relation_fv_rs_tn_deny_rule": null
          },
          "sensitive_attributes": [],
          "private": "eyJzY2hlbWFfdmVyc2lvbiI6IjEifQ=="
        },
        {
          "index_key": "DEVNET_NICKY",
          "schema_version": 1,
          "attributes": {
            "annotation": "orchestrator:terraform",
            "description": "",
            "id": "uni/tn-DEVNET_NICKY",
            "name": "DEVNET_NICKY",
            "name_alias": "",
            "relation_fv_rs_tenant_mon_pol": "",
            "relation_fv_rs_tn_deny_rule": null
          },
          "sensitive_attributes": [],
          "private": "eyJzY2hlbWFfdmVyc2lvbiI6IjEifQ=="
        }
      ]
    }
  ],
  "check_results": null
}
